PODS:
  - SwiftGen (6.6.2)
  - SwiftLint (0.51.0)

DEPENDENCIES:
  - SwiftGen (~> 6.4)
  - SwiftLint (~> 0.41)

SPEC REPOS:
  trunk:
    - SwiftGen
    - SwiftLint

SPEC CHECKSUMS:
  SwiftGen: 1366a7f71aeef49954ca5a63ba4bef6b0f24138c
  SwiftLint: 1b7561918a19e23bfed960e40759086e70f4dba5

PODFILE CHECKSUM: 98b661d00c21ecaab8dab27d494379d04b3260e2

COCOAPODS: 1.12.0
