// !$*UTF8*$!
{
	archiveVersion = 1;
	classes = {
	};
	objectVersion = 56;
	objects = {

/* Begin PBXBuildFile section */
		19C321E08DF312F1CD041BA1 /* Pods_SnareHelpDesk.framework in Frameworks */ = {isa = PBXBuildFile; fileRef = F0FE271FCC15682B3812C6BD /* Pods_SnareHelpDesk.framework */; };
		28B960202A03975C0026BF05 /* StoryboardSegues.swift in Sources */ = {isa = PBXBuildFile; fileRef = 28B9601F2A03975C0026BF05 /* StoryboardSegues.swift */; };
		28B960222A0397640026BF05 /* StoryboardScenes.swift in Sources */ = {isa = PBXBuildFile; fileRef = 28B960212A0397640026BF05 /* StoryboardScenes.swift */; };
		28B960242A0397670026BF05 /* AssetsImages.swift in Sources */ = {isa = PBXBuildFile; fileRef = 28B960232A0397670026BF05 /* AssetsImages.swift */; };
		28C1312A2A03862B00623B49 /* AppDelegate.swift in Sources */ = {isa = PBXBuildFile; fileRef = 28C131292A03862B00623B49 /* AppDelegate.swift */; };
		28C1312C2A03862B00623B49 /* SceneDelegate.swift in Sources */ = {isa = PBXBuildFile; fileRef = 28C1312B2A03862B00623B49 /* SceneDelegate.swift */; };
		28C1312E2A03862B00623B49 /* HomeViewController.swift in Sources */ = {isa = PBXBuildFile; fileRef = 28C1312D2A03862B00623B49 /* HomeViewController.swift */; };
		28C131312A03862B00623B49 /* HomeViewController.storyboard in Resources */ = {isa = PBXBuildFile; fileRef = 28C1312F2A03862B00623B49 /* HomeViewController.storyboard */; };
		28C131332A03862C00623B49 /* Assets.xcassets in Resources */ = {isa = PBXBuildFile; fileRef = 28C131322A03862C00623B49 /* Assets.xcassets */; };
		28C131362A03862C00623B49 /* LaunchScreen.storyboard in Resources */ = {isa = PBXBuildFile; fileRef = 28C131342A03862C00623B49 /* LaunchScreen.storyboard */; };
		28C131432A03879600623B49 /* MainTabBarViewController.swift in Sources */ = {isa = PBXBuildFile; fileRef = 28C131422A03879600623B49 /* MainTabBarViewController.swift */; };
		28D91BE52A03A074002D0CFA /* OpenAISwift in Frameworks */ = {isa = PBXBuildFile; productRef = 28D91BE42A03A074002D0CFA /* OpenAISwift */; };
		28D91BE82A03A0A0002D0CFA /* Realm in Frameworks */ = {isa = PBXBuildFile; productRef = 28D91BE72A03A0A0002D0CFA /* Realm */; };
		28D91BEA2A03A0A0002D0CFA /* RealmSwift in Frameworks */ = {isa = PBXBuildFile; productRef = 28D91BE92A03A0A0002D0CFA /* RealmSwift */; };
		28D91BED2A03A0C5002D0CFA /* MessageKit in Frameworks */ = {isa = PBXBuildFile; productRef = 28D91BEC2A03A0C5002D0CFA /* MessageKit */; };
		28D91BF02A03A0DB002D0CFA /* SDWebImage in Frameworks */ = {isa = PBXBuildFile; productRef = 28D91BEF2A03A0DB002D0CFA /* SDWebImage */; };
		28D91BF22A03A0DB002D0CFA /* SDWebImageMapKit in Frameworks */ = {isa = PBXBuildFile; productRef = 28D91BF12A03A0DB002D0CFA /* SDWebImageMapKit */; };
		28D91BF92A03E5A4002D0CFA /* CollectionViewTableViewCell.swift in Sources */ = {isa = PBXBuildFile; fileRef = 28D91BF72A03E5A4002D0CFA /* CollectionViewTableViewCell.swift */; };
		28D91BFA2A03E5A4002D0CFA /* CollectionViewTableViewCell.xib in Resources */ = {isa = PBXBuildFile; fileRef = 28D91BF82A03E5A4002D0CFA /* CollectionViewTableViewCell.xib */; };
		28D91BFD2A03E5FB002D0CFA /* TitleCollectionViewCell.swift in Sources */ = {isa = PBXBuildFile; fileRef = 28D91BFB2A03E5FB002D0CFA /* TitleCollectionViewCell.swift */; };
		28D91BFE2A03E5FB002D0CFA /* TitleCollectionViewCell.xib in Resources */ = {isa = PBXBuildFile; fileRef = 28D91BFC2A03E5FB002D0CFA /* TitleCollectionViewCell.xib */; };
		28D91C002A03E84D002D0CFA /* Item.swift in Sources */ = {isa = PBXBuildFile; fileRef = 28D91BFF2A03E84D002D0CFA /* Item.swift */; };
		28D91C022A03E890002D0CFA /* APICaller.swift in Sources */ = {isa = PBXBuildFile; fileRef = 28D91C012A03E890002D0CFA /* APICaller.swift */; };
		28D91C042A03F0B0002D0CFA /* SearchViewController.swift in Sources */ = {isa = PBXBuildFile; fileRef = 28D91C032A03F0B0002D0CFA /* SearchViewController.swift */; };
		28D91C062A03F0C8002D0CFA /* SearchViewController.storyboard in Resources */ = {isa = PBXBuildFile; fileRef = 28D91C052A03F0C8002D0CFA /* SearchViewController.storyboard */; };
		28D91C092A03F171002D0CFA /* TitleTableViewCell.swift in Sources */ = {isa = PBXBuildFile; fileRef = 28D91C072A03F171002D0CFA /* TitleTableViewCell.swift */; };
		28D91C0A2A03F171002D0CFA /* TitleTableViewCell.xib in Resources */ = {isa = PBXBuildFile; fileRef = 28D91C082A03F171002D0CFA /* TitleTableViewCell.xib */; };
		28D91C0E2A03F8C0002D0CFA /* ItemPreviewViewController.swift in Sources */ = {isa = PBXBuildFile; fileRef = 28D91C0D2A03F8C0002D0CFA /* ItemPreviewViewController.swift */; };
		28D91C102A03F8D4002D0CFA /* ItemPreviewViewController.storyboard in Resources */ = {isa = PBXBuildFile; fileRef = 28D91C0F2A03F8D4002D0CFA /* ItemPreviewViewController.storyboard */; };
		28D91C122A052BDD002D0CFA /* ChatTableViewController.swift in Sources */ = {isa = PBXBuildFile; fileRef = 28D91C112A052BDD002D0CFA /* ChatTableViewController.swift */; };
		28D91C142A052BF0002D0CFA /* ChatTableViewController.storyboard in Resources */ = {isa = PBXBuildFile; fileRef = 28D91C132A052BF0002D0CFA /* ChatTableViewController.storyboard */; };
		28D91C162A052CB4002D0CFA /* ChatList.swift in Sources */ = {isa = PBXBuildFile; fileRef = 28D91C152A052CB4002D0CFA /* ChatList.swift */; };
		28D91C182A052CE9002D0CFA /* Message.swift in Sources */ = {isa = PBXBuildFile; fileRef = 28D91C172A052CE9002D0CFA /* Message.swift */; };
		28D91C1A2A05312F002D0CFA /* ChatViewController.swift in Sources */ = {isa = PBXBuildFile; fileRef = 28D91C192A05312F002D0CFA /* ChatViewController.swift */; };
		28D91C1C2A05313B002D0CFA /* ChatViewController.storyboard in Resources */ = {isa = PBXBuildFile; fileRef = 28D91C1B2A05313B002D0CFA /* ChatViewController.storyboard */; };
		28D91C1F2A05473D002D0CFA /* ChatTableViewTableViewCell.swift in Sources */ = {isa = PBXBuildFile; fileRef = 28D91C1D2A05473D002D0CFA /* ChatTableViewTableViewCell.swift */; };
		28D91C202A05473D002D0CFA /* ChatTableViewTableViewCell.xib in Resources */ = {isa = PBXBuildFile; fileRef = 28D91C1E2A05473D002D0CFA /* ChatTableViewTableViewCell.xib */; };
/* End PBXBuildFile section */

/* Begin PBXFileReference section */
		28B9601F2A03975C0026BF05 /* StoryboardSegues.swift */ = {isa = PBXFileReference; fileEncoding = 4; lastKnownFileType = sourcecode.swift; path = StoryboardSegues.swift; sourceTree = "<group>"; };
		28B960212A0397640026BF05 /* StoryboardScenes.swift */ = {isa = PBXFileReference; fileEncoding = 4; lastKnownFileType = sourcecode.swift; path = StoryboardScenes.swift; sourceTree = "<group>"; };
		28B960232A0397670026BF05 /* AssetsImages.swift */ = {isa = PBXFileReference; fileEncoding = 4; lastKnownFileType = sourcecode.swift; path = AssetsImages.swift; sourceTree = "<group>"; };
		28C131262A03862B00623B49 /* SnareHelpDesk.app */ = {isa = PBXFileReference; explicitFileType = wrapper.application; includeInIndex = 0; path = SnareHelpDesk.app; sourceTree = BUILT_PRODUCTS_DIR; };
		28C131292A03862B00623B49 /* AppDelegate.swift */ = {isa = PBXFileReference; lastKnownFileType = sourcecode.swift; path = AppDelegate.swift; sourceTree = "<group>"; };
		28C1312B2A03862B00623B49 /* SceneDelegate.swift */ = {isa = PBXFileReference; lastKnownFileType = sourcecode.swift; path = SceneDelegate.swift; sourceTree = "<group>"; };
		28C1312D2A03862B00623B49 /* HomeViewController.swift */ = {isa = PBXFileReference; lastKnownFileType = sourcecode.swift; path = HomeViewController.swift; sourceTree = "<group>"; };
		28C131302A03862B00623B49 /* Base */ = {isa = PBXFileReference; lastKnownFileType = file.storyboard; name = Base; path = Base.lproj/HomeViewController.storyboard; sourceTree = "<group>"; };
		28C131322A03862C00623B49 /* Assets.xcassets */ = {isa = PBXFileReference; lastKnownFileType = folder.assetcatalog; path = Assets.xcassets; sourceTree = "<group>"; };
		28C131352A03862C00623B49 /* Base */ = {isa = PBXFileReference; lastKnownFileType = file.storyboard; name = Base; path = Base.lproj/LaunchScreen.storyboard; sourceTree = "<group>"; };
		28C131372A03862C00623B49 /* Info.plist */ = {isa = PBXFileReference; lastKnownFileType = text.plist.xml; path = Info.plist; sourceTree = "<group>"; };
		28C131422A03879600623B49 /* MainTabBarViewController.swift */ = {isa = PBXFileReference; lastKnownFileType = sourcecode.swift; path = MainTabBarViewController.swift; sourceTree = "<group>"; };
		28D91BF72A03E5A4002D0CFA /* CollectionViewTableViewCell.swift */ = {isa = PBXFileReference; lastKnownFileType = sourcecode.swift; path = CollectionViewTableViewCell.swift; sourceTree = "<group>"; };
		28D91BF82A03E5A4002D0CFA /* CollectionViewTableViewCell.xib */ = {isa = PBXFileReference; lastKnownFileType = file.xib; path = CollectionViewTableViewCell.xib; sourceTree = "<group>"; };
		28D91BFB2A03E5FB002D0CFA /* TitleCollectionViewCell.swift */ = {isa = PBXFileReference; lastKnownFileType = sourcecode.swift; path = TitleCollectionViewCell.swift; sourceTree = "<group>"; };
		28D91BFC2A03E5FB002D0CFA /* TitleCollectionViewCell.xib */ = {isa = PBXFileReference; lastKnownFileType = file.xib; path = TitleCollectionViewCell.xib; sourceTree = "<group>"; };
		28D91BFF2A03E84D002D0CFA /* Item.swift */ = {isa = PBXFileReference; lastKnownFileType = sourcecode.swift; path = Item.swift; sourceTree = "<group>"; };
		28D91C012A03E890002D0CFA /* APICaller.swift */ = {isa = PBXFileReference; lastKnownFileType = sourcecode.swift; path = APICaller.swift; sourceTree = "<group>"; };
		28D91C032A03F0B0002D0CFA /* SearchViewController.swift */ = {isa = PBXFileReference; lastKnownFileType = sourcecode.swift; path = SearchViewController.swift; sourceTree = "<group>"; };
		28D91C052A03F0C8002D0CFA /* SearchViewController.storyboard */ = {isa = PBXFileReference; lastKnownFileType = file.storyboard; path = SearchViewController.storyboard; sourceTree = "<group>"; };
		28D91C072A03F171002D0CFA /* TitleTableViewCell.swift */ = {isa = PBXFileReference; lastKnownFileType = sourcecode.swift; path = TitleTableViewCell.swift; sourceTree = "<group>"; };
		28D91C082A03F171002D0CFA /* TitleTableViewCell.xib */ = {isa = PBXFileReference; lastKnownFileType = file.xib; path = TitleTableViewCell.xib; sourceTree = "<group>"; };
		28D91C0D2A03F8C0002D0CFA /* ItemPreviewViewController.swift */ = {isa = PBXFileReference; lastKnownFileType = sourcecode.swift; path = ItemPreviewViewController.swift; sourceTree = "<group>"; };
		28D91C0F2A03F8D4002D0CFA /* ItemPreviewViewController.storyboard */ = {isa = PBXFileReference; lastKnownFileType = file.storyboard; path = ItemPreviewViewController.storyboard; sourceTree = "<group>"; };
		28D91C112A052BDD002D0CFA /* ChatTableViewController.swift */ = {isa = PBXFileReference; lastKnownFileType = sourcecode.swift; path = ChatTableViewController.swift; sourceTree = "<group>"; };
		28D91C132A052BF0002D0CFA /* ChatTableViewController.storyboard */ = {isa = PBXFileReference; lastKnownFileType = file.storyboard; path = ChatTableViewController.storyboard; sourceTree = "<group>"; };
		28D91C152A052CB4002D0CFA /* ChatList.swift */ = {isa = PBXFileReference; lastKnownFileType = sourcecode.swift; path = ChatList.swift; sourceTree = "<group>"; };
		28D91C172A052CE9002D0CFA /* Message.swift */ = {isa = PBXFileReference; lastKnownFileType = sourcecode.swift; path = Message.swift; sourceTree = "<group>"; };
		28D91C192A05312F002D0CFA /* ChatViewController.swift */ = {isa = PBXFileReference; lastKnownFileType = sourcecode.swift; path = ChatViewController.swift; sourceTree = "<group>"; };
		28D91C1B2A05313B002D0CFA /* ChatViewController.storyboard */ = {isa = PBXFileReference; lastKnownFileType = file.storyboard; path = ChatViewController.storyboard; sourceTree = "<group>"; };
		28D91C1D2A05473D002D0CFA /* ChatTableViewTableViewCell.swift */ = {isa = PBXFileReference; lastKnownFileType = sourcecode.swift; path = ChatTableViewTableViewCell.swift; sourceTree = "<group>"; };
		28D91C1E2A05473D002D0CFA /* ChatTableViewTableViewCell.xib */ = {isa = PBXFileReference; lastKnownFileType = file.xib; path = ChatTableViewTableViewCell.xib; sourceTree = "<group>"; };
		5137B55657B680BF53A42059 /* Pods-SnareHelpDesk.debug.xcconfig */ = {isa = PBXFileReference; includeInIndex = 1; lastKnownFileType = text.xcconfig; name = "Pods-SnareHelpDesk.debug.xcconfig"; path = "Target Support Files/Pods-SnareHelpDesk/Pods-SnareHelpDesk.debug.xcconfig"; sourceTree = "<group>"; };
		F0FE271FCC15682B3812C6BD /* Pods_SnareHelpDesk.framework */ = {isa = PBXFileReference; explicitFileType = wrapper.framework; includeInIndex = 0; path = Pods_SnareHelpDesk.framework; sourceTree = BUILT_PRODUCTS_DIR; };
		FC49892E0AF110D4BFBD50AA /* Pods-SnareHelpDesk.release.xcconfig */ = {isa = PBXFileReference; includeInIndex = 1; lastKnownFileType = text.xcconfig; name = "Pods-SnareHelpDesk.release.xcconfig"; path = "Target Support Files/Pods-SnareHelpDesk/Pods-SnareHelpDesk.release.xcconfig"; sourceTree = "<group>"; };
/* End PBXFileReference section */

/* Begin PBXFrameworksBuildPhase section */
		28C131232A03862B00623B49 /* Frameworks */ = {
			isa = PBXFrameworksBuildPhase;
			buildActionMask = 2147483647;
			files = (
				28D91BF02A03A0DB002D0CFA /* SDWebImage in Frameworks */,
				28D91BEA2A03A0A0002D0CFA /* RealmSwift in Frameworks */,
				28D91BE82A03A0A0002D0CFA /* Realm in Frameworks */,
				28D91BE52A03A074002D0CFA /* OpenAISwift in Frameworks */,
				19C321E08DF312F1CD041BA1 /* Pods_SnareHelpDesk.framework in Frameworks */,
				28D91BF22A03A0DB002D0CFA /* SDWebImageMapKit in Frameworks */,
				28D91BED2A03A0C5002D0CFA /* MessageKit in Frameworks */,
			);
			runOnlyForDeploymentPostprocessing = 0;
		};
/* End PBXFrameworksBuildPhase section */

/* Begin PBXGroup section */
		28C1311D2A03862B00623B49 = {
			isa = PBXGroup;
			children = (
				28C131282A03862B00623B49 /* SnareHelpDesk */,
				28C131272A03862B00623B49 /* Products */,
				CF36C11A1EBE147D699E3BBA /* Pods */,
				72FC2373A58933866E270886 /* Frameworks */,
			);
			sourceTree = "<group>";
		};
		28C131272A03862B00623B49 /* Products */ = {
			isa = PBXGroup;
			children = (
				28C131262A03862B00623B49 /* SnareHelpDesk.app */,
			);
			name = Products;
			sourceTree = "<group>";
		};
		28C131282A03862B00623B49 /* SnareHelpDesk */ = {
			isa = PBXGroup;
			children = (
				28C131452A03930300623B49 /* CodeGenerated */,
				28C131412A0386E500623B49 /* Manager */,
				28C131402A0386BE00623B49 /* Resource */,
				28C1313F2A0386BC00623B49 /* Controllers */,
				28C1313E2A0386BA00623B49 /* View */,
				28C1313D2A0386B700623B49 /* Model */,
				28C131322A03862C00623B49 /* Assets.xcassets */,
				28C131342A03862C00623B49 /* LaunchScreen.storyboard */,
				28C131372A03862C00623B49 /* Info.plist */,
			);
			path = SnareHelpDesk;
			sourceTree = "<group>";
		};
		28C1313D2A0386B700623B49 /* Model */ = {
			isa = PBXGroup;
			children = (
				28D91BFF2A03E84D002D0CFA /* Item.swift */,
				28D91C152A052CB4002D0CFA /* ChatList.swift */,
				28D91C172A052CE9002D0CFA /* Message.swift */,
			);
			path = Model;
			sourceTree = "<group>";
		};
		28C1313E2A0386BA00623B49 /* View */ = {
			isa = PBXGroup;
			children = (
				28D91BF72A03E5A4002D0CFA /* CollectionViewTableViewCell.swift */,
				28D91BF82A03E5A4002D0CFA /* CollectionViewTableViewCell.xib */,
				28D91BFB2A03E5FB002D0CFA /* TitleCollectionViewCell.swift */,
				28D91BFC2A03E5FB002D0CFA /* TitleCollectionViewCell.xib */,
				28D91C072A03F171002D0CFA /* TitleTableViewCell.swift */,
				28D91C082A03F171002D0CFA /* TitleTableViewCell.xib */,
				28D91C1D2A05473D002D0CFA /* ChatTableViewTableViewCell.swift */,
				28D91C1E2A05473D002D0CFA /* ChatTableViewTableViewCell.xib */,
			);
			path = View;
			sourceTree = "<group>";
		};
		28C1313F2A0386BC00623B49 /* Controllers */ = {
			isa = PBXGroup;
			children = (
				28D91C0C2A03F87E002D0CFA /* Core */,
				28D91C0B2A03F86F002D0CFA /* General */,
			);
			path = Controllers;
			sourceTree = "<group>";
		};
		28C131402A0386BE00623B49 /* Resource */ = {
			isa = PBXGroup;
			children = (
				28C131292A03862B00623B49 /* AppDelegate.swift */,
				28C1312B2A03862B00623B49 /* SceneDelegate.swift */,
			);
			path = Resource;
			sourceTree = "<group>";
		};
		28C131412A0386E500623B49 /* Manager */ = {
			isa = PBXGroup;
			children = (
				28D91C012A03E890002D0CFA /* APICaller.swift */,
			);
			path = Manager;
			sourceTree = "<group>";
		};
		28C131452A03930300623B49 /* CodeGenerated */ = {
			isa = PBXGroup;
			children = (
				28B960232A0397670026BF05 /* AssetsImages.swift */,
				28B960212A0397640026BF05 /* StoryboardScenes.swift */,
				28B9601F2A03975C0026BF05 /* StoryboardSegues.swift */,
			);
			path = CodeGenerated;
			sourceTree = "<group>";
		};
		28D91C0B2A03F86F002D0CFA /* General */ = {
			isa = PBXGroup;
			children = (
				28D91C0D2A03F8C0002D0CFA /* ItemPreviewViewController.swift */,
				28D91C0F2A03F8D4002D0CFA /* ItemPreviewViewController.storyboard */,
				28D91C192A05312F002D0CFA /* ChatViewController.swift */,
				28D91C1B2A05313B002D0CFA /* ChatViewController.storyboard */,
			);
			path = General;
			sourceTree = "<group>";
		};
		28D91C0C2A03F87E002D0CFA /* Core */ = {
			isa = PBXGroup;
			children = (
				28C1312D2A03862B00623B49 /* HomeViewController.swift */,
				28C1312F2A03862B00623B49 /* HomeViewController.storyboard */,
				28C131422A03879600623B49 /* MainTabBarViewController.swift */,
				28D91C032A03F0B0002D0CFA /* SearchViewController.swift */,
				28D91C052A03F0C8002D0CFA /* SearchViewController.storyboard */,
				28D91C112A052BDD002D0CFA /* ChatTableViewController.swift */,
				28D91C132A052BF0002D0CFA /* ChatTableViewController.storyboard */,
			);
			path = Core;
			sourceTree = "<group>";
		};
		72FC2373A58933866E270886 /* Frameworks */ = {
			isa = PBXGroup;
			children = (
				F0FE271FCC15682B3812C6BD /* Pods_SnareHelpDesk.framework */,
			);
			name = Frameworks;
			sourceTree = "<group>";
		};
		CF36C11A1EBE147D699E3BBA /* Pods */ = {
			isa = PBXGroup;
			children = (
				5137B55657B680BF53A42059 /* Pods-SnareHelpDesk.debug.xcconfig */,
				FC49892E0AF110D4BFBD50AA /* Pods-SnareHelpDesk.release.xcconfig */,
			);
			path = Pods;
			sourceTree = "<group>";
		};
/* End PBXGroup section */

/* Begin PBXNativeTarget section */
		28C131252A03862B00623B49 /* SnareHelpDesk */ = {
			isa = PBXNativeTarget;
			buildConfigurationList = 28C1313A2A03862C00623B49 /* Build configuration list for PBXNativeTarget "SnareHelpDesk" */;
			buildPhases = (
				6A69A139C6E63CE9DF494959 /* [CP] Check Pods Manifest.lock */,
				28C131222A03862B00623B49 /* Sources */,
				28C131232A03862B00623B49 /* Frameworks */,
				28C131242A03862B00623B49 /* Resources */,
				28C131442A03916700623B49 /* SwiftGen */,
			);
			buildRules = (
			);
			dependencies = (
			);
			name = SnareHelpDesk;
			packageProductDependencies = (
				28D91BE42A03A074002D0CFA /* OpenAISwift */,
				28D91BE72A03A0A0002D0CFA /* Realm */,
				28D91BE92A03A0A0002D0CFA /* RealmSwift */,
				28D91BEC2A03A0C5002D0CFA /* MessageKit */,
				28D91BEF2A03A0DB002D0CFA /* SDWebImage */,
				28D91BF12A03A0DB002D0CFA /* SDWebImageMapKit */,
			);
			productName = SnareHelpDesk;
			productReference = 28C131262A03862B00623B49 /* SnareHelpDesk.app */;
			productType = "com.apple.product-type.application";
		};
/* End PBXNativeTarget section */

/* Begin PBXProject section */
		28C1311E2A03862B00623B49 /* Project object */ = {
			isa = PBXProject;
			attributes = {
				BuildIndependentTargetsInParallel = 1;
				LastSwiftUpdateCheck = 1410;
				LastUpgradeCheck = 1410;
				TargetAttributes = {
					28C131252A03862B00623B49 = {
						CreatedOnToolsVersion = 14.1;
					};
				};
			};
			buildConfigurationList = 28C131212A03862B00623B49 /* Build configuration list for PBXProject "SnareHelpDesk" */;
			compatibilityVersion = "Xcode 14.0";
			developmentRegion = en;
			hasScannedForEncodings = 0;
			knownRegions = (
				en,
				Base,
			);
			mainGroup = 28C1311D2A03862B00623B49;
			packageReferences = (
				28D91BE32A03A074002D0CFA /* XCRemoteSwiftPackageReference "OpenAISwift" */,
				28D91BE62A03A0A0002D0CFA /* XCRemoteSwiftPackageReference "realm-swift" */,
				28D91BEB2A03A0C5002D0CFA /* XCRemoteSwiftPackageReference "MessageKit" */,
				28D91BEE2A03A0DB002D0CFA /* XCRemoteSwiftPackageReference "SDWebImage" */,
			);
			productRefGroup = 28C131272A03862B00623B49 /* Products */;
			projectDirPath = "";
			projectRoot = "";
			targets = (
				28C131252A03862B00623B49 /* SnareHelpDesk */,
			);
		};
/* End PBXProject section */

/* Begin PBXResourcesBuildPhase section */
		28C131242A03862B00623B49 /* Resources */ = {
			isa = PBXResourcesBuildPhase;
			buildActionMask = 2147483647;
			files = (
				28D91BFE2A03E5FB002D0CFA /* TitleCollectionViewCell.xib in Resources */,
				28C131362A03862C00623B49 /* LaunchScreen.storyboard in Resources */,
				28C131332A03862C00623B49 /* Assets.xcassets in Resources */,
				28D91C102A03F8D4002D0CFA /* ItemPreviewViewController.storyboard in Resources */,
				28D91BFA2A03E5A4002D0CFA /* CollectionViewTableViewCell.xib in Resources */,
				28D91C1C2A05313B002D0CFA /* ChatViewController.storyboard in Resources */,
				28D91C142A052BF0002D0CFA /* ChatTableViewController.storyboard in Resources */,
				28D91C0A2A03F171002D0CFA /* TitleTableViewCell.xib in Resources */,
				28C131312A03862B00623B49 /* HomeViewController.storyboard in Resources */,
				28D91C202A05473D002D0CFA /* ChatTableViewTableViewCell.xib in Resources */,
				28D91C062A03F0C8002D0CFA /* SearchViewController.storyboard in Resources */,
			);
			runOnlyForDeploymentPostprocessing = 0;
		};
/* End PBXResourcesBuildPhase section */

/* Begin PBXShellScriptBuildPhase section */
		28C131442A03916700623B49 /* SwiftGen */ = {
			isa = PBXShellScriptBuildPhase;
			alwaysOutOfDate = 1;
			buildActionMask = 2147483647;
			files = (
			);
			inputFileListPaths = (
			);
			inputPaths = (
			);
			name = SwiftGen;
			outputFileListPaths = (
			);
			outputPaths = (
			);
			runOnlyForDeploymentPostprocessing = 0;
			shellPath = /bin/sh;
			shellScript = "# Type a script or drag a script file from your workspace to insert its path.\n\"${PODS_ROOT}/SwiftGen/bin/SwiftGen\"\n";
		};
		6A69A139C6E63CE9DF494959 /* [CP] Check Pods Manifest.lock */ = {
			isa = PBXShellScriptBuildPhase;
			buildActionMask = 2147483647;
			files = (
			);
			inputFileListPaths = (
			);
			inputPaths = (
				"${PODS_PODFILE_DIR_PATH}/Podfile.lock",
				"${PODS_ROOT}/Manifest.lock",
			);
			name = "[CP] Check Pods Manifest.lock";
			outputFileListPaths = (
			);
			outputPaths = (
				"$(DERIVED_FILE_DIR)/Pods-SnareHelpDesk-checkManifestLockResult.txt",
			);
			runOnlyForDeploymentPostprocessing = 0;
			shellPath = /bin/sh;
			shellScript = "diff \"${PODS_PODFILE_DIR_PATH}/Podfile.lock\" \"${PODS_ROOT}/Manifest.lock\" > /dev/null\nif [ $? != 0 ] ; then\n    # print error to STDERR\n    echo \"error: The sandbox is not in sync with the Podfile.lock. Run 'pod install' or update your CocoaPods installation.\" >&2\n    exit 1\nfi\n# This output is used by Xcode 'outputs' to avoid re-running this script phase.\necho \"SUCCESS\" > \"${SCRIPT_OUTPUT_FILE_0}\"\n";
			showEnvVarsInLog = 0;
		};
/* End PBXShellScriptBuildPhase section */

/* Begin PBXSourcesBuildPhase section */
		28C131222A03862B00623B49 /* Sources */ = {
			isa = PBXSourcesBuildPhase;
			buildActionMask = 2147483647;
			files = (
				28D91C002A03E84D002D0CFA /* Item.swift in Sources */,
				28C1312E2A03862B00623B49 /* HomeViewController.swift in Sources */,
				28D91C092A03F171002D0CFA /* TitleTableViewCell.swift in Sources */,
				28D91C182A052CE9002D0CFA /* Message.swift in Sources */,
				28C131432A03879600623B49 /* MainTabBarViewController.swift in Sources */,
				28D91BF92A03E5A4002D0CFA /* CollectionViewTableViewCell.swift in Sources */,
				28D91C162A052CB4002D0CFA /* ChatList.swift in Sources */,
				28B960202A03975C0026BF05 /* StoryboardSegues.swift in Sources */,
				28B960242A0397670026BF05 /* AssetsImages.swift in Sources */,
				28D91C1F2A05473D002D0CFA /* ChatTableViewTableViewCell.swift in Sources */,
				28D91C042A03F0B0002D0CFA /* SearchViewController.swift in Sources */,
				28C1312A2A03862B00623B49 /* AppDelegate.swift in Sources */,
				28D91BFD2A03E5FB002D0CFA /* TitleCollectionViewCell.swift in Sources */,
				28D91C022A03E890002D0CFA /* APICaller.swift in Sources */,
				28C1312C2A03862B00623B49 /* SceneDelegate.swift in Sources */,
				28D91C0E2A03F8C0002D0CFA /* ItemPreviewViewController.swift in Sources */,
				28B960222A0397640026BF05 /* StoryboardScenes.swift in Sources */,
				28D91C1A2A05312F002D0CFA /* ChatViewController.swift in Sources */,
				28D91C122A052BDD002D0CFA /* ChatTableViewController.swift in Sources */,
			);
			runOnlyForDeploymentPostprocessing = 0;
		};
/* End PBXSourcesBuildPhase section */

/* Begin PBXVariantGroup section */
		28C1312F2A03862B00623B49 /* HomeViewController.storyboard */ = {
			isa = PBXVariantGroup;
			children = (
				28C131302A03862B00623B49 /* Base */,
			);
			name = HomeViewController.storyboard;
			sourceTree = "<group>";
		};
		28C131342A03862C00623B49 /* LaunchScreen.storyboard */ = {
			isa = PBXVariantGroup;
			children = (
				28C131352A03862C00623B49 /* Base */,
			);
			name = LaunchScreen.storyboard;
			sourceTree = "<group>";
		};
/* End PBXVariantGroup section */

/* Begin XCBuildConfiguration section */
		28C131382A03862C00623B49 /* Debug */ = {
			isa = XCBuildConfiguration;
			buildSettings = {
				ALWAYS_SEARCH_USER_PATHS = NO;
				CLANG_ANALYZER_NONNULL = YES;
				CLANG_ANALYZER_NUMBER_OBJECT_CONVERSION = YES_AGGRESSIVE;
				CLANG_CXX_LANGUAGE_STANDARD = "gnu++20";
				CLANG_ENABLE_MODULES = YES;
				CLANG_ENABLE_OBJC_ARC = YES;
				CLANG_ENABLE_OBJC_WEAK = YES;
				CLANG_WARN_BLOCK_CAPTURE_AUTORELEASING = YES;
				CLANG_WARN_BOOL_CONVERSION = YES;
				CLANG_WARN_COMMA = YES;
				CLANG_WARN_CONSTANT_CONVERSION = YES;
				CLANG_WARN_DEPRECATED_OBJC_IMPLEMENTATIONS = YES;
				CLANG_WARN_DIRECT_OBJC_ISA_USAGE = YES_ERROR;
				CLANG_WARN_DOCUMENTATION_COMMENTS = YES;
				CLANG_WARN_EMPTY_BODY = YES;
				CLANG_WARN_ENUM_CONVERSION = YES;
				CLANG_WARN_INFINITE_RECURSION = YES;
				CLANG_WARN_INT_CONVERSION = YES;
				CLANG_WARN_NON_LITERAL_NULL_CONVERSION = YES;
				CLANG_WARN_OBJC_IMPLICIT_RETAIN_SELF = YES;
				CLANG_WARN_OBJC_LITERAL_CONVERSION = YES;
				CLANG_WARN_OBJC_ROOT_CLASS = YES_ERROR;
				CLANG_WARN_QUOTED_INCLUDE_IN_FRAMEWORK_HEADER = YES;
				CLANG_WARN_RANGE_LOOP_ANALYSIS = YES;
				CLANG_WARN_STRICT_PROTOTYPES = YES;
				CLANG_WARN_SUSPICIOUS_MOVE = YES;
				CLANG_WARN_UNGUARDED_AVAILABILITY = YES_AGGRESSIVE;
				CLANG_WARN_UNREACHABLE_CODE = YES;
				CLANG_WARN__DUPLICATE_METHOD_MATCH = YES;
				COPY_PHASE_STRIP = NO;
				DEBUG_INFORMATION_FORMAT = dwarf;
				ENABLE_STRICT_OBJC_MSGSEND = YES;
				ENABLE_TESTABILITY = YES;
				GCC_C_LANGUAGE_STANDARD = gnu11;
				GCC_DYNAMIC_NO_PIC = NO;
				GCC_NO_COMMON_BLOCKS = YES;
				GCC_OPTIMIZATION_LEVEL = 0;
				GCC_PREPROCESSOR_DEFINITIONS = (
					"DEBUG=1",
					"$(inherited)",
				);
				GCC_WARN_64_TO_32_BIT_CONVERSION = YES;
				GCC_WARN_ABOUT_RETURN_TYPE = YES_ERROR;
				GCC_WARN_UNDECLARED_SELECTOR = YES;
				GCC_WARN_UNINITIALIZED_AUTOS = YES_AGGRESSIVE;
				GCC_WARN_UNUSED_FUNCTION = YES;
				GCC_WARN_UNUSED_VARIABLE = YES;
				IPHONEOS_DEPLOYMENT_TARGET = 16.1;
				MTL_ENABLE_DEBUG_INFO = INCLUDE_SOURCE;
				MTL_FAST_MATH = YES;
				ONLY_ACTIVE_ARCH = YES;
				SDKROOT = iphoneos;
				SWIFT_ACTIVE_COMPILATION_CONDITIONS = DEBUG;
				SWIFT_OPTIMIZATION_LEVEL = "-Onone";
			};
			name = Debug;
		};
		28C131392A03862C00623B49 /* Release */ = {
			isa = XCBuildConfiguration;
			buildSettings = {
				ALWAYS_SEARCH_USER_PATHS = NO;
				CLANG_ANALYZER_NONNULL = YES;
				CLANG_ANALYZER_NUMBER_OBJECT_CONVERSION = YES_AGGRESSIVE;
				CLANG_CXX_LANGUAGE_STANDARD = "gnu++20";
				CLANG_ENABLE_MODULES = YES;
				CLANG_ENABLE_OBJC_ARC = YES;
				CLANG_ENABLE_OBJC_WEAK = YES;
				CLANG_WARN_BLOCK_CAPTURE_AUTORELEASING = YES;
				CLANG_WARN_BOOL_CONVERSION = YES;
				CLANG_WARN_COMMA = YES;
				CLANG_WARN_CONSTANT_CONVERSION = YES;
				CLANG_WARN_DEPRECATED_OBJC_IMPLEMENTATIONS = YES;
				CLANG_WARN_DIRECT_OBJC_ISA_USAGE = YES_ERROR;
				CLANG_WARN_DOCUMENTATION_COMMENTS = YES;
				CLANG_WARN_EMPTY_BODY = YES;
				CLANG_WARN_ENUM_CONVERSION = YES;
				CLANG_WARN_INFINITE_RECURSION = YES;
				CLANG_WARN_INT_CONVERSION = YES;
				CLANG_WARN_NON_LITERAL_NULL_CONVERSION = YES;
				CLANG_WARN_OBJC_IMPLICIT_RETAIN_SELF = YES;
				CLANG_WARN_OBJC_LITERAL_CONVERSION = YES;
				CLANG_WARN_OBJC_ROOT_CLASS = YES_ERROR;
				CLANG_WARN_QUOTED_INCLUDE_IN_FRAMEWORK_HEADER = YES;
				CLANG_WARN_RANGE_LOOP_ANALYSIS = YES;
				CLANG_WARN_STRICT_PROTOTYPES = YES;
				CLANG_WARN_SUSPICIOUS_MOVE = YES;
				CLANG_WARN_UNGUARDED_AVAILABILITY = YES_AGGRESSIVE;
				CLANG_WARN_UNREACHABLE_CODE = YES;
				CLANG_WARN__DUPLICATE_METHOD_MATCH = YES;
				COPY_PHASE_STRIP = NO;
				DEBUG_INFORMATION_FORMAT = "dwarf-with-dsym";
				ENABLE_NS_ASSERTIONS = NO;
				ENABLE_STRICT_OBJC_MSGSEND = YES;
				GCC_C_LANGUAGE_STANDARD = gnu11;
				GCC_NO_COMMON_BLOCKS = YES;
				GCC_WARN_64_TO_32_BIT_CONVERSION = YES;
				GCC_WARN_ABOUT_RETURN_TYPE = YES_ERROR;
				GCC_WARN_UNDECLARED_SELECTOR = YES;
				GCC_WARN_UNINITIALIZED_AUTOS = YES_AGGRESSIVE;
				GCC_WARN_UNUSED_FUNCTION = YES;
				GCC_WARN_UNUSED_VARIABLE = YES;
				IPHONEOS_DEPLOYMENT_TARGET = 16.1;
				MTL_ENABLE_DEBUG_INFO = NO;
				MTL_FAST_MATH = YES;
				SDKROOT = iphoneos;
				SWIFT_COMPILATION_MODE = wholemodule;
				SWIFT_OPTIMIZATION_LEVEL = "-O";
				VALIDATE_PRODUCT = YES;
			};
			name = Release;
		};
		28C1313B2A03862C00623B49 /* Debug */ = {
			isa = XCBuildConfiguration;
			baseConfigurationReference = 5137B55657B680BF53A42059 /* Pods-SnareHelpDesk.debug.xcconfig */;
			buildSettings = {
				ASSETCATALOG_COMPILER_APPICON_NAME = AppIcon;
				ASSETCATALOG_COMPILER_GLOBAL_ACCENT_COLOR_NAME = AccentColor;
				CODE_SIGN_STYLE = Automatic;
				CURRENT_PROJECT_VERSION = 1;
				GENERATE_INFOPLIST_FILE = YES;
				INFOPLIST_FILE = SnareHelpDesk/Info.plist;
				INFOPLIST_KEY_UIApplicationSupportsIndirectInputEvents = YES;
				INFOPLIST_KEY_UILaunchStoryboardName = LaunchScreen;
				INFOPLIST_KEY_UISupportedInterfaceOrientations_iPad = "UIInterfaceOrientationPortrait UIInterfaceOrientationPortraitUpsideDown UIInterfaceOrientationLandscapeLeft UIInterfaceOrientationLandscapeRight";
				INFOPLIST_KEY_UISupportedInterfaceOrientations_iPhone = "UIInterfaceOrientationPortrait UIInterfaceOrientationLandscapeLeft UIInterfaceOrientationLandscapeRight";
				LD_RUNPATH_SEARCH_PATHS = (
					"$(inherited)",
					"@executable_path/Frameworks",
				);
				MARKETING_VERSION = 1.0;
				PRODUCT_BUNDLE_IDENTIFIER = test.SnareHelpDesk;
				PRODUCT_NAME = "$(TARGET_NAME)";
				SWIFT_EMIT_LOC_STRINGS = YES;
				SWIFT_VERSION = 5.0;
				TARGETED_DEVICE_FAMILY = "1,2";
			};
			name = Debug;
		};
		28C1313C2A03862C00623B49 /* Release */ = {
			isa = XCBuildConfiguration;
			baseConfigurationReference = FC49892E0AF110D4BFBD50AA /* Pods-SnareHelpDesk.release.xcconfig */;
			buildSettings = {
				ASSETCATALOG_COMPILER_APPICON_NAME = AppIcon;
				ASSETCATALOG_COMPILER_GLOBAL_ACCENT_COLOR_NAME = AccentColor;
				CODE_SIGN_STYLE = Automatic;
				CURRENT_PROJECT_VERSION = 1;
				GENERATE_INFOPLIST_FILE = YES;
				INFOPLIST_FILE = SnareHelpDesk/Info.plist;
				INFOPLIST_KEY_UIApplicationSupportsIndirectInputEvents = YES;
				INFOPLIST_KEY_UILaunchStoryboardName = LaunchScreen;
				INFOPLIST_KEY_UISupportedInterfaceOrientations_iPad = "UIInterfaceOrientationPortrait UIInterfaceOrientationPortraitUpsideDown UIInterfaceOrientationLandscapeLeft UIInterfaceOrientationLandscapeRight";
				INFOPLIST_KEY_UISupportedInterfaceOrientations_iPhone = "UIInterfaceOrientationPortrait UIInterfaceOrientationLandscapeLeft UIInterfaceOrientationLandscapeRight";
				LD_RUNPATH_SEARCH_PATHS = (
					"$(inherited)",
					"@executable_path/Frameworks",
				);
				MARKETING_VERSION = 1.0;
				PRODUCT_BUNDLE_IDENTIFIER = test.SnareHelpDesk;
				PRODUCT_NAME = "$(TARGET_NAME)";
				SWIFT_EMIT_LOC_STRINGS = YES;
				SWIFT_VERSION = 5.0;
				TARGETED_DEVICE_FAMILY = "1,2";
			};
			name = Release;
		};
/* End XCBuildConfiguration section */

/* Begin XCConfigurationList section */
		28C131212A03862B00623B49 /* Build configuration list for PBXProject "SnareHelpDesk" */ = {
			isa = XCConfigurationList;
			buildConfigurations = (
				28C131382A03862C00623B49 /* Debug */,
				28C131392A03862C00623B49 /* Release */,
			);
			defaultConfigurationIsVisible = 0;
			defaultConfigurationName = Release;
		};
		28C1313A2A03862C00623B49 /* Build configuration list for PBXNativeTarget "SnareHelpDesk" */ = {
			isa = XCConfigurationList;
			buildConfigurations = (
				28C1313B2A03862C00623B49 /* Debug */,
				28C1313C2A03862C00623B49 /* Release */,
			);
			defaultConfigurationIsVisible = 0;
			defaultConfigurationName = Release;
		};
/* End XCConfigurationList section */

/* Begin XCRemoteSwiftPackageReference section */
		28D91BE32A03A074002D0CFA /* XCRemoteSwiftPackageReference "OpenAISwift" */ = {
			isa = XCRemoteSwiftPackageReference;
			repositoryURL = "https://github.com/adamrushy/OpenAISwift";
			requirement = {
				kind = upToNextMajorVersion;
				minimumVersion = 1.0.0;
			};
		};
		28D91BE62A03A0A0002D0CFA /* XCRemoteSwiftPackageReference "realm-swift" */ = {
			isa = XCRemoteSwiftPackageReference;
			repositoryURL = "https://github.com/realm/realm-swift.git";
			requirement = {
				kind = upToNextMajorVersion;
				minimumVersion = 10.0.0;
			};
		};
		28D91BEB2A03A0C5002D0CFA /* XCRemoteSwiftPackageReference "MessageKit" */ = {
			isa = XCRemoteSwiftPackageReference;
			repositoryURL = "https://github.com/MessageKit/MessageKit";
			requirement = {
				kind = upToNextMajorVersion;
				minimumVersion = 4.0.0;
			};
		};
		28D91BEE2A03A0DB002D0CFA /* XCRemoteSwiftPackageReference "SDWebImage" */ = {
			isa = XCRemoteSwiftPackageReference;
			repositoryURL = "https://github.com/SDWebImage/SDWebImage.git";
			requirement = {
				kind = upToNextMajorVersion;
				minimumVersion = 5.0.0;
			};
		};
/* End XCRemoteSwiftPackageReference section */

/* Begin XCSwiftPackageProductDependency section */
		28D91BE42A03A074002D0CFA /* OpenAISwift */ = {
			isa = XCSwiftPackageProductDependency;
			package = 28D91BE32A03A074002D0CFA /* XCRemoteSwiftPackageReference "OpenAISwift" */;
			productName = OpenAISwift;
		};
		28D91BE72A03A0A0002D0CFA /* Realm */ = {
			isa = XCSwiftPackageProductDependency;
			package = 28D91BE62A03A0A0002D0CFA /* XCRemoteSwiftPackageReference "realm-swift" */;
			productName = Realm;
		};
		28D91BE92A03A0A0002D0CFA /* RealmSwift */ = {
			isa = XCSwiftPackageProductDependency;
			package = 28D91BE62A03A0A0002D0CFA /* XCRemoteSwiftPackageReference "realm-swift" */;
			productName = RealmSwift;
		};
		28D91BEC2A03A0C5002D0CFA /* MessageKit */ = {
			isa = XCSwiftPackageProductDependency;
			package = 28D91BEB2A03A0C5002D0CFA /* XCRemoteSwiftPackageReference "MessageKit" */;
			productName = MessageKit;
		};
		28D91BEF2A03A0DB002D0CFA /* SDWebImage */ = {
			isa = XCSwiftPackageProductDependency;
			package = 28D91BEE2A03A0DB002D0CFA /* XCRemoteSwiftPackageReference "SDWebImage" */;
			productName = SDWebImage;
		};
		28D91BF12A03A0DB002D0CFA /* SDWebImageMapKit */ = {
			isa = XCSwiftPackageProductDependency;
			package = 28D91BEE2A03A0DB002D0CFA /* XCRemoteSwiftPackageReference "SDWebImage" */;
			productName = SDWebImageMapKit;
		};
/* End XCSwiftPackageProductDependency section */
	};
	rootObject = 28C1311E2A03862B00623B49 /* Project object */;
}
